
Microsoft Visual Studio Solution File, Format Version 12.00
# Visual Studio Version 17
VisualStudioVersion = 17.8.34322.80
MinimumVisualStudioVersion = 10.0.40219.1
Project("{FAE04EC0-301F-11D3-BF4B-00C04F79EFBC}") = "C# GUI Assessment", "C# GUI Assessment.csproj", "{BFF54FBD-6C33-4AF4-9F6F-0CE95FBC4D6E}"
EndProject
Global
	GlobalSection(SolutionConfigurationPlatforms) = preSolution
		Debug|Any CPU = Debug|Any CPU
		Release|Any CPU = Release|Any CPU
	EndGlobalSection
	GlobalSection(ProjectConfigurationPlatforms) = postSolution
		{BFF54FBD-6C33-4AF4-9F6F-0CE95FBC4D6E}.Debug|Any CPU.ActiveCfg = Debug|Any CPU
		{BFF54FBD-6C33-4AF4-9F6F-0CE95FBC4D6E}.Debug|Any CPU.Build.0 = Debug|Any CPU
		{BFF54FBD-6C33-4AF4-9F6F-0CE95FBC4D6E}.Release|Any CPU.ActiveCfg = Release|Any CPU
		{BFF54FBD-6C33-4AF4-9F6F-0CE95FBC4D6E}.Release|Any CPU.Build.0 = Release|Any CPU
	EndGlobalSection
	GlobalSection(SolutionProperties) = preSolution
		HideSolutionNode = FALSE
	EndGlobalSection
	GlobalSection(ExtensibilityGlobals) = postSolution
		SolutionGuid = {DEBA29BB-E67C-4C5A-B6DC-B5331DDD629A}
	EndGlobalSection
EndGlobal
